
Microsoft Visual Studio Solution File, Format Version 12.00
Project("{FAE04EC0-301F-11D3-BF4B-00C04F79EFBC}") = "LicensePlate", "LicensePlate\LicensePlate.csproj", "{4C9B18D6-86CC-455C-A6CB-36A817D6D540}"
EndProject
Project("{FAE04EC0-301F-11D3-BF4B-00C04F79EFBC}") = "LicensePlate.Test", "LicensePlate.Test\LicensePlate.Test.csproj", "{097F9BA7-8121-405A-91A1-BC4EE2916D34}"
EndProject
Global
	GlobalSection(SolutionConfigurationPlatforms) = preSolution
		Debug|Any CPU = Debug|Any CPU
		Release|Any CPU = Release|Any CPU
	EndGlobalSection
	GlobalSection(ProjectConfigurationPlatforms) = postSolution
		{4C9B18D6-86CC-455C-A6CB-36A817D6D540}.Debug|Any CPU.ActiveCfg = Debug|Any CPU
		{4C9B18D6-86CC-455C-A6CB-36A817D6D540}.Debug|Any CPU.Build.0 = Debug|Any CPU
		{4C9B18D6-86CC-455C-A6CB-36A817D6D540}.Release|Any CPU.ActiveCfg = Release|Any CPU
		{4C9B18D6-86CC-455C-A6CB-36A817D6D540}.Release|Any CPU.Build.0 = Release|Any CPU
		{097F9BA7-8121-405A-91A1-BC4EE2916D34}.Debug|Any CPU.ActiveCfg = Debug|Any CPU
		{097F9BA7-8121-405A-91A1-BC4EE2916D34}.Debug|Any CPU.Build.0 = Debug|Any CPU
		{097F9BA7-8121-405A-91A1-BC4EE2916D34}.Release|Any CPU.ActiveCfg = Release|Any CPU
		{097F9BA7-8121-405A-91A1-BC4EE2916D34}.Release|Any CPU.Build.0 = Release|Any CPU
	EndGlobalSection
EndGlobal
